PODS:
  - RxCocoa (6.1.0):
    - RxRelay (= 6.1.0)
    - RxSwift (= 6.1.0)
  - RxRelay (6.1.0):
    - RxSwift (= 6.1.0)
  - RxSwift (6.1.0)
  - RxSwiftUtilities (2.2.0):
    - RxCocoa (~> 6.1)
    - RxSwift (~> 6.1)

DEPENDENCIES:
  - RxSwiftUtilities (from `../`)

SPEC REPOS:
  https://github.com/CocoaPods/Specs.git:
    - RxCocoa
    - RxRelay
    - RxSwift

EXTERNAL SOURCES:
  RxSwiftUtilities:
    :path: "../"

SPEC CHECKSUMS:
  RxCocoa: 5c51f02d562cbd94629f6c26cf0c80fe4ab8d343
  RxRelay: 483e1a19fad961b41f0b0c0bee506f46c1ae14fe
  RxSwift: a834e5c538e89eca0cae86f403f4fbf0336786ce
  RxSwiftUtilities: 6d94e424e48d1a9f5e647eb61f590c76bb91790f

PODFILE CHECKSUM: 76bf4791be77375ab3f65b32b122237d1e9eaf79

COCOAPODS: 1.10.1
